
Microsoft Visual Studio Solution File, Format Version 12.00
# Visual Studio Version 18
VisualStudioVersion = 18.3.11222.16
MinimumVisualStudioVersion = 10.0.40219.1
Project("{FAE04EC0-301F-11D3-BF4B-00C04F79EFBC}") = "Veour", "Veour.csproj", "{30FF4608-D3BE-479D-8847-C7B2A78E7388}"
EndProject
Global
	GlobalSection(SolutionConfigurationPlatforms) = preSolution
		Debug|Any CPU = Debug|Any CPU
		Debug|x64 = Debug|x64
		Release|Any CPU = Release|Any CPU
		Release|x64 = Release|x64
	EndGlobalSection
	GlobalSection(ProjectConfigurationPlatforms) = postSolution
		{30FF4608-D3BE-479D-8847-C7B2A78E7388}.Debug|Any CPU.ActiveCfg = Debug|Any CPU
		{30FF4608-D3BE-479D-8847-C7B2A78E7388}.Debug|Any CPU.Build.0 = Debug|Any CPU
		{30FF4608-D3BE-479D-8847-C7B2A78E7388}.Debug|x64.ActiveCfg = Debug|Any CPU
		{30FF4608-D3BE-479D-8847-C7B2A78E7388}.Debug|x64.Build.0 = Debug|Any CPU
		{30FF4608-D3BE-479D-8847-C7B2A78E7388}.Release|Any CPU.ActiveCfg = Release|Any CPU
		{30FF4608-D3BE-479D-8847-C7B2A78E7388}.Release|Any CPU.Build.0 = Release|Any CPU
		{30FF4608-D3BE-479D-8847-C7B2A78E7388}.Release|x64.ActiveCfg = Release|x64
		{30FF4608-D3BE-479D-8847-C7B2A78E7388}.Release|x64.Build.0 = Release|x64
	EndGlobalSection
	GlobalSection(SolutionProperties) = preSolution
		HideSolutionNode = FALSE
	EndGlobalSection
	GlobalSection(ExtensibilityGlobals) = postSolution
		SolutionGuid = {BF4C38D5-69FB-46C8-B386-2100E610E4F1}
	EndGlobalSection
EndGlobal
